<?xml version="1.0" encoding="utf-8"?>
<Project ToolsVersion="4.0" xmlns="http://schemas.microsoft.com/developer/msbuild/2003">
  <ItemGroup>
    <Filter Include="Main">
      <UniqueIdentifier>{4FC737F1-C7A5-4376-A066-2A32D752A2FF}</UniqueIdentifier>
      <Extensions>cpp;c;cc;cxx;c++;cppm;ixx;def;odl;idl;hpj;bat;asm;asmx</Extensions>
    </Filter>
    <Filter Include="Data Structure">
      <UniqueIdentifier>{57daa41b-0bec-4904-a5d0-5fea4a15b7ef}</UniqueIdentifier>
    </Filter>
    <Filter Include="Board">
      <UniqueIdentifier>{f69fbb14-5d25-4404-988c-599328c49719}</UniqueIdentifier>
    </Filter>
  </ItemGroup>
  <ItemGroup>
    <ClCompile Include="Maze.cpp">
      <Filter>Main</Filter>
    </ClCompile>
    <ClCompile Include="List.cpp">
      <Filter>Data Structure</Filter>
    </ClCompile>
    <ClCompile Include="Array.cpp">
      <Filter>Data Structure</Filter>
    </ClCompile>
    <ClCompile Include="Vector.cpp">
      <Filter>Data Structure</Filter>
    </ClCompile>
    <ClCompile Include="pch.cpp">
      <Filter>Main</Filter>
    </ClCompile>
    <ClCompile Include="Board.cpp">
      <Filter>Board</Filter>
    </ClCompile>
    <ClCompile Include="ConsoleHelper.cpp">
      <Filter>Board</Filter>
    </ClCompile>
    <ClCompile Include="Player.cpp">
      <Filter>Board</Filter>
    </ClCompile>
    <ClCompile Include="Queue.cpp">
      <Filter>Data Structure</Filter>
    </ClCompile>
    <ClCompile Include="Stack.cpp">
      <Filter>Data Structure</Filter>
    </ClCompile>
  </ItemGroup>
  <ItemGroup>
    <ClInclude Include="List.h">
      <Filter>Data Structure</Filter>
    </ClInclude>
    <ClInclude Include="Array.h">
      <Filter>Data Structure</Filter>
    </ClInclude>
    <ClInclude Include="Vector.h">
      <Filter>Data Structure</Filter>
    </ClInclude>
    <ClInclude Include="Types.h">
      <Filter>Main</Filter>
    </ClInclude>
    <ClInclude Include="pch.h">
      <Filter>Main</Filter>
    </ClInclude>
    <ClInclude Include="Board.h">
      <Filter>Board</Filter>
    </ClInclude>
    <ClInclude Include="ConsoleHelper.h">
      <Filter>Board</Filter>
    </ClInclude>
    <ClInclude Include="Player.h">
      <Filter>Board</Filter>
    </ClInclude>
    <ClInclude Include="Queue.h">
      <Filter>Data Structure</Filter>
    </ClInclude>
    <ClInclude Include="Stack.h">
      <Filter>Data Structure</Filter>
    </ClInclude>
  </ItemGroup>
</Project>