<?xml version="1.0" encoding="utf-8"?>
<Project ToolsVersion="4.0" xmlns="http://schemas.microsoft.com/developer/msbuild/2003">
  <ItemGroup>
    <Filter Include="Main">
      <UniqueIdentifier>{4FC737F1-C7A5-4376-A066-2A32D752A2FF}</UniqueIdentifier>
      <Extensions>cpp;c;cc;cxx;c++;cppm;ixx;def;odl;idl;hpj;bat;asm;asmx</Extensions>
    </Filter>
    <Filter Include="Data Structure">
      <UniqueIdentifier>{57daa41b-0bec-4904-a5d0-5fea4a15b7ef}</UniqueIdentifier>
    </Filter>
  </ItemGroup>
  <ItemGroup>
    <ClCompile Include="Maze.cpp">
      <Filter>Main</Filter>
    </ClCompile>
    <ClCompile Include="List.cpp">
      <Filter>Data Structure</Filter>
    </ClCompile>
  </ItemGroup>
  <ItemGroup>
    <ClInclude Include="List.h">
      <Filter>Data Structure</Filter>
    </ClInclude>
  </ItemGroup>
</Project>