<?xml version="1.0" encoding="utf-8"?>
<Project ToolsVersion="4.0" xmlns="http://schemas.microsoft.com/developer/msbuild/2003">
  <ItemGroup>
    <Filter Include="소스 파일">
      <UniqueIdentifier>{4FC737F1-C7A5-4376-A066-2A32D752A2FF}</UniqueIdentifier>
      <Extensions>cpp;c;cc;cxx;c++;cppm;ixx;def;odl;idl;hpj;bat;asm;asmx</Extensions>
    </Filter>
    <Filter Include="리소스 파일">
      <UniqueIdentifier>{67DA6AB6-F800-4c08-8B7A-83BB121AAD01}</UniqueIdentifier>
      <Extensions>rc;ico;cur;bmp;dlg;rc2;rct;bin;rgs;gif;jpg;jpeg;jpe;resx;tiff;tif;png;wav;mfcribbon-ms</Extensions>
    </Filter>
    <Filter Include="소스 파일\00. MainGame">
      <UniqueIdentifier>{38440202-7e3f-47b1-934a-34ca25f64058}</UniqueIdentifier>
    </Filter>
    <Filter Include="소스 파일\99. Headers">
      <UniqueIdentifier>{040054e7-6415-49bf-b505-23b54eee14d4}</UniqueIdentifier>
    </Filter>
    <Filter Include="소스 파일\01. Manager">
      <UniqueIdentifier>{a6975179-c444-4199-916a-b822e2473f83}</UniqueIdentifier>
    </Filter>
    <Filter Include="소스 파일\99. Headers\WinAPIHeader">
      <UniqueIdentifier>{f5058d9f-7011-4ff6-b339-3ec7309e1451}</UniqueIdentifier>
    </Filter>
    <Filter Include="소스 파일\02. Scene">
      <UniqueIdentifier>{b6a5d707-652c-4b08-8a6d-8bc13f6485cb}</UniqueIdentifier>
    </Filter>
    <Filter Include="소스 파일\03. Objects">
      <UniqueIdentifier>{f728b79e-8f16-4ce0-93ea-aa75573bebdc}</UniqueIdentifier>
    </Filter>
    <Filter Include="소스 파일\02. Scene\Game">
      <UniqueIdentifier>{293a32e4-78c1-4894-a8be-35e1302e326f}</UniqueIdentifier>
    </Filter>
    <Filter Include="소스 파일\03. Objects\Game">
      <UniqueIdentifier>{b9b6ba0e-c681-482b-9f64-ea4ab32919dd}</UniqueIdentifier>
    </Filter>
    <Filter Include="소스 파일\04. Resources">
      <UniqueIdentifier>{ba7703ef-5743-4c41-8048-d14492f2f184}</UniqueIdentifier>
    </Filter>
    <Filter Include="소스 파일\04. Resources\Game">
      <UniqueIdentifier>{103dd6b6-4916-4978-baa0-0208317361b0}</UniqueIdentifier>
    </Filter>
    <Filter Include="소스 파일\01. Manager\Game">
      <UniqueIdentifier>{acbb0e00-cdbf-4a3a-a2f3-2e16cbdf9db5}</UniqueIdentifier>
    </Filter>
    <Filter Include="소스 파일\02. Scene\Game\Fortress">
      <UniqueIdentifier>{6233f1d4-dff1-42d2-8126-713081d0cf4d}</UniqueIdentifier>
    </Filter>
  </ItemGroup>
  <ItemGroup>
    <ClInclude Include="winAPIGame.h">
      <Filter>소스 파일\00. MainGame</Filter>
    </ClInclude>
    <ClInclude Include="pch.h">
      <Filter>소스 파일\99. Headers</Filter>
    </ClInclude>
    <ClInclude Include="Defines.h">
      <Filter>소스 파일\99. Headers</Filter>
    </ClInclude>
    <ClInclude Include="Enums.h">
      <Filter>소스 파일\99. Headers</Filter>
    </ClInclude>
    <ClInclude Include="Types.h">
      <Filter>소스 파일\99. Headers</Filter>
    </ClInclude>
    <ClInclude Include="framework.h">
      <Filter>소스 파일\99. Headers\WinAPIHeader</Filter>
    </ClInclude>
    <ClInclude Include="Resource.h">
      <Filter>소스 파일\99. Headers\WinAPIHeader</Filter>
    </ClInclude>
    <ClInclude Include="targetver.h">
      <Filter>소스 파일\99. Headers\WinAPIHeader</Filter>
    </ClInclude>
    <ClInclude Include="GameCore.h">
      <Filter>소스 파일\00. MainGame</Filter>
    </ClInclude>
    <ClInclude Include="InputManager.h">
      <Filter>소스 파일\01. Manager</Filter>
    </ClInclude>
    <ClInclude Include="TimeManager.h">
      <Filter>소스 파일\01. Manager</Filter>
    </ClInclude>
    <ClInclude Include="Utils.h">
      <Filter>소스 파일\99. Headers</Filter>
    </ClInclude>
    <ClInclude Include="Scene.h">
      <Filter>소스 파일\02. Scene</Filter>
    </ClInclude>
    <ClInclude Include="SceneManager.h">
      <Filter>소스 파일\01. Manager</Filter>
    </ClInclude>
    <ClInclude Include="DevScene.h">
      <Filter>소스 파일\02. Scene\Game</Filter>
    </ClInclude>
    <ClInclude Include="Object.h">
      <Filter>소스 파일\03. Objects</Filter>
    </ClInclude>
    <ClInclude Include="Player.h">
      <Filter>소스 파일\03. Objects\Game</Filter>
    </ClInclude>
    <ClInclude Include="ObjectManager.h">
      <Filter>소스 파일\01. Manager</Filter>
    </ClInclude>
    <ClInclude Include="ResourceBase.h">
      <Filter>소스 파일\04. Resources</Filter>
    </ClInclude>
    <ClInclude Include="LineMesh.h">
      <Filter>소스 파일\04. Resources\Game</Filter>
    </ClInclude>
    <ClInclude Include="ResourceManager.h">
      <Filter>소스 파일\01. Manager</Filter>
    </ClInclude>
    <ClInclude Include="UIManager.h">
      <Filter>소스 파일\01. Manager\Game</Filter>
    </ClInclude>
    <ClInclude Include="Values.h">
      <Filter>소스 파일\99. Headers</Filter>
    </ClInclude>
    <ClInclude Include="MenuScene.h">
      <Filter>소스 파일\02. Scene\Game\Fortress</Filter>
    </ClInclude>
    <ClInclude Include="FortressScene.h">
      <Filter>소스 파일\02. Scene\Game\Fortress</Filter>
    </ClInclude>
    <ClInclude Include="EditScene.h">
      <Filter>소스 파일\02. Scene</Filter>
    </ClInclude>
    <ClInclude Include="Bullet.h">
      <Filter>소스 파일\03. Objects\Game</Filter>
    </ClInclude>
  </ItemGroup>
  <ItemGroup>
    <ResourceCompile Include="winAPIGame.rc">
      <Filter>리소스 파일</Filter>
    </ResourceCompile>
  </ItemGroup>
  <ItemGroup>
    <Image Include="small.ico">
      <Filter>리소스 파일</Filter>
    </Image>
    <Image Include="winAPIGame.ico">
      <Filter>리소스 파일</Filter>
    </Image>
  </ItemGroup>
  <ItemGroup>
    <ClCompile Include="winAPIGame.cpp">
      <Filter>소스 파일\00. MainGame</Filter>
    </ClCompile>
    <ClCompile Include="pch.cpp">
      <Filter>소스 파일</Filter>
    </ClCompile>
    <ClCompile Include="GameCore.cpp">
      <Filter>소스 파일\00. MainGame</Filter>
    </ClCompile>
    <ClCompile Include="InputManager.cpp">
      <Filter>소스 파일\01. Manager</Filter>
    </ClCompile>
    <ClCompile Include="TimeManager.cpp">
      <Filter>소스 파일\01. Manager</Filter>
    </ClCompile>
    <ClCompile Include="Utils.cpp">
      <Filter>소스 파일\99. Headers</Filter>
    </ClCompile>
    <ClCompile Include="Scene.cpp">
      <Filter>소스 파일\02. Scene</Filter>
    </ClCompile>
    <ClCompile Include="SceneManager.cpp">
      <Filter>소스 파일\01. Manager</Filter>
    </ClCompile>
    <ClCompile Include="DevScene.cpp">
      <Filter>소스 파일\02. Scene\Game</Filter>
    </ClCompile>
    <ClCompile Include="Object.cpp">
      <Filter>소스 파일\03. Objects</Filter>
    </ClCompile>
    <ClCompile Include="Player.cpp">
      <Filter>소스 파일\03. Objects\Game</Filter>
    </ClCompile>
    <ClCompile Include="ObjectManager.cpp">
      <Filter>소스 파일\01. Manager</Filter>
    </ClCompile>
    <ClCompile Include="ResourceBase.cpp">
      <Filter>소스 파일\04. Resources</Filter>
    </ClCompile>
    <ClCompile Include="LineMesh.cpp">
      <Filter>소스 파일\04. Resources\Game</Filter>
    </ClCompile>
    <ClCompile Include="ResourceManager.cpp">
      <Filter>소스 파일\01. Manager</Filter>
    </ClCompile>
    <ClCompile Include="UIManager.cpp">
      <Filter>소스 파일\01. Manager\Game</Filter>
    </ClCompile>
    <ClCompile Include="MenuScene.cpp">
      <Filter>소스 파일\02. Scene\Game\Fortress</Filter>
    </ClCompile>
    <ClCompile Include="FortressScene.cpp">
      <Filter>소스 파일\02. Scene\Game\Fortress</Filter>
    </ClCompile>
    <ClCompile Include="EditScene.cpp">
      <Filter>소스 파일\02. Scene</Filter>
    </ClCompile>
    <ClCompile Include="Bullet.cpp">
      <Filter>소스 파일\03. Objects\Game</Filter>
    </ClCompile>
  </ItemGroup>
</Project>